
Microsoft Visual Studio Solution File, Format Version 12.00
# Visual Studio Version 16
VisualStudioVersion = 16.0.30204.135
MinimumVisualStudioVersion = 10.0.40219.1
Project("{FAE04EC0-301F-11D3-BF4B-00C04F79EFBC}") = "IntegrationTests", "IntegrationTests\IntegrationTests.csproj", "{7FE043ED-D0F1-4FBB-8079-D09260C33906}"
EndProject
Project("{FAE04EC0-301F-11D3-BF4B-00C04F79EFBC}") = "SeleniumTasks", "SeleniumTasks\SeleniumTasks.csproj", "{9C39FCCB-5A88-4322-812B-7160B78034A0}"
EndProject
Global
	GlobalSection(SolutionConfigurationPlatforms) = preSolution
		Debug|Any CPU = Debug|Any CPU
		Release|Any CPU = Release|Any CPU
	EndGlobalSection
	GlobalSection(ProjectConfigurationPlatforms) = postSolution
		{7FE043ED-D0F1-4FBB-8079-D09260C33906}.Debug|Any CPU.ActiveCfg = Debug|Any CPU
		{7FE043ED-D0F1-4FBB-8079-D09260C33906}.Debug|Any CPU.Build.0 = Debug|Any CPU
		{7FE043ED-D0F1-4FBB-8079-D09260C33906}.Release|Any CPU.ActiveCfg = Release|Any CPU
		{7FE043ED-D0F1-4FBB-8079-D09260C33906}.Release|Any CPU.Build.0 = Release|Any CPU
		{9C39FCCB-5A88-4322-812B-7160B78034A0}.Debug|Any CPU.ActiveCfg = Debug|Any CPU
		{9C39FCCB-5A88-4322-812B-7160B78034A0}.Debug|Any CPU.Build.0 = Debug|Any CPU
		{9C39FCCB-5A88-4322-812B-7160B78034A0}.Release|Any CPU.ActiveCfg = Release|Any CPU
		{9C39FCCB-5A88-4322-812B-7160B78034A0}.Release|Any CPU.Build.0 = Release|Any CPU
	EndGlobalSection
	GlobalSection(SolutionProperties) = preSolution
		HideSolutionNode = FALSE
	EndGlobalSection
	GlobalSection(ExtensibilityGlobals) = postSolution
		SolutionGuid = {1A01D08B-ADE1-4CCF-ADD0-40C929B78BD6}
	EndGlobalSection
EndGlobal
